
Microsoft Visual Studio Solution File, Format Version 12.00
# Visual Studio Version 17
VisualStudioVersion = 17.9.34723.18
MinimumVisualStudioVersion = 10.0.40219.1
Project("{FAE04EC0-301F-11D3-BF4B-00C04F79EFBC}") = "TwoMiceVD", "TwoMiceVD.csproj", "{D80B0B1D-5934-4233-BDDE-8EEC284B1AD9}"
EndProject
Global
	GlobalSection(SolutionConfigurationPlatforms) = preSolution
		Debug|Any CPU = Debug|Any CPU
		Release|Any CPU = Release|Any CPU
	EndGlobalSection
	GlobalSection(ProjectConfigurationPlatforms) = postSolution
		{D80B0B1D-5934-4233-BDDE-8EEC284B1AD9}.Debug|Any CPU.ActiveCfg = Debug|Any CPU
		{D80B0B1D-5934-4233-BDDE-8EEC284B1AD9}.Debug|Any CPU.Build.0 = Debug|Any CPU
		{D80B0B1D-5934-4233-BDDE-8EEC284B1AD9}.Release|Any CPU.ActiveCfg = Release|Any CPU
		{D80B0B1D-5934-4233-BDDE-8EEC284B1AD9}.Release|Any CPU.Build.0 = Release|Any CPU
	EndGlobalSection
	GlobalSection(SolutionProperties) = preSolution
		HideSolutionNode = FALSE
	EndGlobalSection
	GlobalSection(ExtensibilityGlobals) = postSolution
		SolutionGuid = {EC185A88-4463-46B6-BBE1-877722CF132F}
	EndGlobalSection
EndGlobal
